<?xml version="1.0" encoding="utf-8"?>
<Project ToolsVersion="16.0" xmlns="http://schemas.microsoft.com/developer/msbuild/2003">
  <ItemGroup>
    <ClCompile Include="D:\Cours\UQAC\MathsPhysique\mathsphysique\src\main.cpp">
      <Filter>Source Files</Filter>
    </ClCompile>
    <ClCompile Include="D:\Cours\UQAC\MathsPhysique\mathsphysique\src\PhysicsEngine\Bullet.cpp">
      <Filter>Source Files</Filter>
    </ClCompile>
    <ClCompile Include="D:\Cours\UQAC\MathsPhysique\mathsphysique\src\PhysicsEngine\Fireball.cpp">
      <Filter>Source Files</Filter>
    </ClCompile>
    <ClCompile Include="D:\Cours\UQAC\MathsPhysique\mathsphysique\src\PhysicsEngine\GameEngine.cpp">
      <Filter>Source Files</Filter>
    </ClCompile>
    <ClCompile Include="D:\Cours\UQAC\MathsPhysique\mathsphysique\src\PhysicsEngine\Laser.cpp">
      <Filter>Source Files</Filter>
    </ClCompile>
    <ClCompile Include="D:\Cours\UQAC\MathsPhysique\mathsphysique\src\PhysicsEngine\Particle.cpp">
      <Filter>Source Files</Filter>
    </ClCompile>
    <ClCompile Include="D:\Cours\UQAC\MathsPhysique\mathsphysique\src\PhysicsEngine\Projectile.cpp">
      <Filter>Source Files</Filter>
    </ClCompile>
    <ClCompile Include="D:\Cours\UQAC\MathsPhysique\mathsphysique\src\PhysicsEngine\Scene.cpp">
      <Filter>Source Files</Filter>
    </ClCompile>
    <ClCompile Include="D:\Cours\UQAC\MathsPhysique\mathsphysique\src\PhysicsEngine\Vector3D.cpp">
      <Filter>Source Files</Filter>
    </ClCompile>
    <ClCompile Include="D:\Cours\UQAC\MathsPhysique\mathsphysique\src\PhysicsEngine\ParticleForceGenerator.cpp">
      <Filter>Source Files</Filter>
    </ClCompile>
    <ClCompile Include="D:\Cours\UQAC\MathsPhysique\mathsphysique\src\PhysicsEngine\ParticleForceRegistry.cpp">
      <Filter>Source Files</Filter>
    </ClCompile>
  </ItemGroup>
  <ItemGroup>
    <ClInclude Include="D:\Cours\UQAC\MathsPhysique\mathsphysique\src\PhysicsEngine\Bullet.hpp">
      <Filter>Header Files</Filter>
    </ClInclude>
    <ClInclude Include="D:\Cours\UQAC\MathsPhysique\mathsphysique\src\PhysicsEngine\GameEngine.hpp">
      <Filter>Header Files</Filter>
    </ClInclude>
    <ClInclude Include="D:\Cours\UQAC\MathsPhysique\mathsphysique\src\PhysicsEngine\Laser.hpp">
      <Filter>Header Files</Filter>
    </ClInclude>
    <ClInclude Include="D:\Cours\UQAC\MathsPhysique\mathsphysique\src\PhysicsEngine\Projectile.hpp">
      <Filter>Header Files</Filter>
    </ClInclude>
    <ClInclude Include="D:\Cours\UQAC\MathsPhysique\mathsphysique\src\PhysicsEngine\Particle.hpp">
      <Filter>Header Files</Filter>
    </ClInclude>
    <ClInclude Include="D:\Cours\UQAC\MathsPhysique\mathsphysique\src\PhysicsEngine\Fireball.hpp">
      <Filter>Header Files</Filter>
    </ClInclude>
    <ClInclude Include="D:\Cours\UQAC\MathsPhysique\mathsphysique\src\PhysicsEngine\Scene.hpp">
      <Filter>Header Files</Filter>
    </ClInclude>
    <ClInclude Include="D:\Cours\UQAC\MathsPhysique\mathsphysique\src\PhysicsEngine\Vector3D.hpp">
      <Filter>Header Files</Filter>
    </ClInclude>
    <ClInclude Include="D:\Cours\UQAC\MathsPhysique\mathsphysique\src\PhysicsEngine\ParticleForceGenerator.hpp">
      <Filter>Header Files</Filter>
    </ClInclude>
    <ClInclude Include="D:\Cours\UQAC\MathsPhysique\mathsphysique\src\PhysicsEngine\ParticleForceRegistry.hpp">
      <Filter>Header Files</Filter>
    </ClInclude>
  </ItemGroup>
  <ItemGroup>
    <CustomBuild Include="D:\Cours\UQAC\MathsPhysique\mathsphysique\src\CMakeLists.txt" />
  </ItemGroup>
  <ItemGroup>
    <Filter Include="Header Files">
      <UniqueIdentifier>{D934583E-A944-3DC3-954F-CF629B13255E}</UniqueIdentifier>
    </Filter>
    <Filter Include="Source Files">
      <UniqueIdentifier>{A90B71ED-6E8F-3439-8333-509FE5B38CDC}</UniqueIdentifier>
    </Filter>
  </ItemGroup>
</Project>
